{
  "name": "biz9-adapter",
  "version": "1.0.11",
  "lockfileVersion": 3,
  "requires": true,
  "packages": {
    "": {
      "name": "biz9-adapter",
      "version": "1.0.11",
      "license": "ISC",
      "dependencies": {
        "async": "^3.2.6",
        "biz9-scriptz": "^5.2.14"
      }
    },
    "node_modules/async": {
      "version": "3.2.6",
      "resolved": "https://registry.npmjs.org/async/-/async-3.2.6.tgz",
      "integrity": "sha512-htCUDlxyyCLMgaM3xXg0C0LW2xqfuQ6p05pCEIsXuyQ+a1koYKTuBMzRNwmybfLgvJDMd0r1LTn4+E0Ti6C2AA=="
    },
    "node_modules/biz9-scriptz": {
      "version": "5.2.14",
      "resolved": "https://registry.npmjs.org/biz9-scriptz/-/biz9-scriptz-5.2.14.tgz",
      "integrity": "sha512-WFD9GYsdFoiHTtO8aWP6vLa6urbytDA+cfbvZXMHylJwwMAVowRiS1CArtIXGuQDiyS3AiAWvdiPYc285Q1O7Q=="
    }
  }
}
