{
  "name": "biz9-logic",
  "version": "1.0.16",
  "lockfileVersion": 3,
  "requires": true,
  "packages": {
    "": {
      "name": "biz9-logic",
      "version": "1.0.16",
      "license": "ISC",
      "dependencies": {
        "async": "^3.2.6",
        "biz9-scriptz": "^5.2.34",
        "biz9-utility": "^1.0.53"
      }
    },
    "node_modules/async": {
      "version": "3.2.6",
      "resolved": "https://registry.npmjs.org/async/-/async-3.2.6.tgz",
      "integrity": "sha512-htCUDlxyyCLMgaM3xXg0C0LW2xqfuQ6p05pCEIsXuyQ+a1koYKTuBMzRNwmybfLgvJDMd0r1LTn4+E0Ti6C2AA=="
    },
    "node_modules/biz9-scriptz": {
      "version": "5.2.34",
      "resolved": "https://registry.npmjs.org/biz9-scriptz/-/biz9-scriptz-5.2.34.tgz",
      "integrity": "sha512-uKN53xoLRWB+nST/UW7o4+t54PmbuEcA6lFu58nbbgdfws81kuoPJjsE9JW5WlY9+b0Lfkwdugxpe2PcNf41xw=="
    },
    "node_modules/biz9-utility": {
      "version": "1.0.53",
      "resolved": "https://registry.npmjs.org/biz9-utility/-/biz9-utility-1.0.53.tgz",
      "integrity": "sha512-tVgSPdaGoQeBr4cg1K8PP/oyWlr6mOU0ErhUNTuzt2s0nL2MRILJOXzqgU3fLxjzruWRio2WVuWDwr9P0NroTg==",
      "dependencies": {
        "biz9-scriptz": "^5.2.33",
        "moment": "^2.30.1",
        "path": "^0.12.7",
        "pretty-date": "^0.2.0"
      }
    },
    "node_modules/inherits": {
      "version": "2.0.3",
      "resolved": "https://registry.npmjs.org/inherits/-/inherits-2.0.3.tgz",
      "integrity": "sha512-x00IRNXNy63jwGkJmzPigoySHbaqpNuzKbBOmzK+g2OdZpQ9w+sxCN+VSB3ja7IAge2OP2qpfxTjeNcyjmW1uw=="
    },
    "node_modules/moment": {
      "version": "2.30.1",
      "resolved": "https://registry.npmjs.org/moment/-/moment-2.30.1.tgz",
      "integrity": "sha512-uEmtNhbDOrWPFS+hdjFCBfy9f2YoyzRpwcl+DqpC6taX21FzsTLQVbMV/W7PzNSX6x/bhC1zA3c2UQ5NzH6how==",
      "engines": {
        "node": "*"
      }
    },
    "node_modules/path": {
      "version": "0.12.7",
      "resolved": "https://registry.npmjs.org/path/-/path-0.12.7.tgz",
      "integrity": "sha512-aXXC6s+1w7otVF9UletFkFcDsJeO7lSZBPUQhtb5O0xJe8LtYhj/GxldoL09bBj9+ZmE2hNoHqQSFMN5fikh4Q==",
      "dependencies": {
        "process": "^0.11.1",
        "util": "^0.10.3"
      }
    },
    "node_modules/pretty-date": {
      "version": "0.2.0",
      "resolved": "https://registry.npmjs.org/pretty-date/-/pretty-date-0.2.0.tgz",
      "integrity": "sha512-yY4KN3UFVGCmVhGhiufCnck5KfeH4LkNxrQcxJJ+VkVE9agImKPCcnKUy2ojQ0+U5wr6TVovJZNiYWXo35YRew=="
    },
    "node_modules/process": {
      "version": "0.11.10",
      "resolved": "https://registry.npmjs.org/process/-/process-0.11.10.tgz",
      "integrity": "sha512-cdGef/drWFoydD1JsMzuFf8100nZl+GT+yacc2bEced5f9Rjk4z+WtFUTBu9PhOi9j/jfmBPu0mMEY4wIdAF8A==",
      "engines": {
        "node": ">= 0.6.0"
      }
    },
    "node_modules/util": {
      "version": "0.10.4",
      "resolved": "https://registry.npmjs.org/util/-/util-0.10.4.tgz",
      "integrity": "sha512-0Pm9hTQ3se5ll1XihRic3FDIku70C+iHUdT/W926rSgHV5QgXsYbKZN8MSC3tJtSkhuROzvsQjAaFENRXr+19A==",
      "dependencies": {
        "inherits": "2.0.3"
      }
    }
  }
}
